
Microsoft Visual Studio Solution File, Format Version 12.00
# Visual Studio Version 17
VisualStudioVersion = 17.3.32929.385
MinimumVisualStudioVersion = 10.0.40219.1
Project("{FAE04EC0-301F-11D3-BF4B-00C04F79EFBC}") = "UnitTestDemo", "UnitTestDemo.csproj", "{42AC0541-BE80-426C-8297-47973BBF412E}"
EndProject
Project("{FAE04EC0-301F-11D3-BF4B-00C04F79EFBC}") = "xUnitTest.Test", "..\xUnitTest.Test\xUnitTest.Test.csproj", "{8BD481F2-6CBA-4E3B-985A-76FC9E0B6B2B}"
EndProject
Global
	GlobalSection(SolutionConfigurationPlatforms) = preSolution
		Debug|Any CPU = Debug|Any CPU
		Release|Any CPU = Release|Any CPU
	EndGlobalSection
	GlobalSection(ProjectConfigurationPlatforms) = postSolution
		{42AC0541-BE80-426C-8297-47973BBF412E}.Debug|Any CPU.ActiveCfg = Debug|Any CPU
		{42AC0541-BE80-426C-8297-47973BBF412E}.Debug|Any CPU.Build.0 = Debug|Any CPU
		{42AC0541-BE80-426C-8297-47973BBF412E}.Release|Any CPU.ActiveCfg = Release|Any CPU
		{42AC0541-BE80-426C-8297-47973BBF412E}.Release|Any CPU.Build.0 = Release|Any CPU
		{8BD481F2-6CBA-4E3B-985A-76FC9E0B6B2B}.Debug|Any CPU.ActiveCfg = Debug|Any CPU
		{8BD481F2-6CBA-4E3B-985A-76FC9E0B6B2B}.Debug|Any CPU.Build.0 = Debug|Any CPU
		{8BD481F2-6CBA-4E3B-985A-76FC9E0B6B2B}.Release|Any CPU.ActiveCfg = Release|Any CPU
		{8BD481F2-6CBA-4E3B-985A-76FC9E0B6B2B}.Release|Any CPU.Build.0 = Release|Any CPU
	EndGlobalSection
	GlobalSection(SolutionProperties) = preSolution
		HideSolutionNode = FALSE
	EndGlobalSection
	GlobalSection(ExtensibilityGlobals) = postSolution
		SolutionGuid = {76C560B0-433F-4924-B7AE-A6CCBFDCFC06}
	EndGlobalSection
EndGlobal
